
Microsoft Visual Studio Solution File, Format Version 12.00
# Visual Studio Version 17
VisualStudioVersion = 17.7.34003.232
MinimumVisualStudioVersion = 10.0.40219.1
Project("{FAE04EC0-301F-11D3-BF4B-00C04F79EFBC}") = "Cliph", "Cliph\Cliph.csproj", "{E6AD0534-5D34-4AC4-809A-885319F86948}"
EndProject
Project("{FAE04EC0-301F-11D3-BF4B-00C04F79EFBC}") = "test-lib", "test-lib\test-lib.csproj", "{602A9A03-3190-42D7-9828-7CD9041012CF}"
EndProject
Global
	GlobalSection(SolutionConfigurationPlatforms) = preSolution
		Debug|Any CPU = Debug|Any CPU
		Release|Any CPU = Release|Any CPU
	EndGlobalSection
	GlobalSection(ProjectConfigurationPlatforms) = postSolution
		{E6AD0534-5D34-4AC4-809A-885319F86948}.Debug|Any CPU.ActiveCfg = Debug|Any CPU
		{E6AD0534-5D34-4AC4-809A-885319F86948}.Debug|Any CPU.Build.0 = Debug|Any CPU
		{E6AD0534-5D34-4AC4-809A-885319F86948}.Release|Any CPU.ActiveCfg = Release|Any CPU
		{E6AD0534-5D34-4AC4-809A-885319F86948}.Release|Any CPU.Build.0 = Release|Any CPU
		{602A9A03-3190-42D7-9828-7CD9041012CF}.Debug|Any CPU.ActiveCfg = Debug|Any CPU
		{602A9A03-3190-42D7-9828-7CD9041012CF}.Debug|Any CPU.Build.0 = Debug|Any CPU
		{602A9A03-3190-42D7-9828-7CD9041012CF}.Release|Any CPU.ActiveCfg = Release|Any CPU
		{602A9A03-3190-42D7-9828-7CD9041012CF}.Release|Any CPU.Build.0 = Release|Any CPU
	EndGlobalSection
	GlobalSection(SolutionProperties) = preSolution
		HideSolutionNode = FALSE
	EndGlobalSection
	GlobalSection(ExtensibilityGlobals) = postSolution
		SolutionGuid = {FFD1F2FA-853E-4EBE-AEDB-77E0505FF188}
	EndGlobalSection
EndGlobal
